
Microsoft Visual Studio Solution File, Format Version 12.00
# Visual Studio Version 17
VisualStudioVersion = 17.0.31903.59
MinimumVisualStudioVersion = 10.0.40219.1
Project("{9A19103F-16F7-4668-BE54-9A1E7A4F7556}") = "GeometriaFactory.Domain", "src\GeometriaFactory.Domain\GeometriaFactory.Domain.csproj", "{1D3BBA59-99CA-5B31-AEB8-D1833413C938}"
EndProject
Project("{9A19103F-16F7-4668-BE54-9A1E7A4F7556}") = "GeometriaFactory.Contracts", "src\GeometriaFactory.Contracts\GeometriaFactory.Contracts.csproj", "{1E638C97-6C48-56D6-B0D0-2FB89CBA8945}"
EndProject
Project("{9A19103F-16F7-4668-BE54-9A1E7A4F7556}") = "GeometriaFactory.Application", "src\GeometriaFactory.Application\GeometriaFactory.Application.csproj", "{EA4A1AA7-3B0A-53B6-ADA1-0AFEB3E2CA37}"
EndProject
Project("{9A19103F-16F7-4668-BE54-9A1E7A4F7556}") = "GeometriaFactory.Infrastructure", "src\GeometriaFactory.Infrastructure\GeometriaFactory.Infrastructure.csproj", "{901F9D91-6669-5844-8610-01963C0E4748}"
EndProject
Project("{9A19103F-16F7-4668-BE54-9A1E7A4F7556}") = "GeometriaFactory.Api", "src\GeometriaFactory.Api\GeometriaFactory.Api.csproj", "{41FE82AB-8468-562F-9B3D-CF9B876FC90B}"
EndProject
Project("{9A19103F-16F7-4668-BE54-9A1E7A4F7556}") = "GeometriaFactory.Web", "src\GeometriaFactory.Web\GeometriaFactory.Web.csproj", "{FA1DA543-C884-53A8-A462-9E9992818122}"
EndProject
Project("{9A19103F-16F7-4668-BE54-9A1E7A4F7556}") = "GeometriaFactory.Domain.Tests", "tests\GeometriaFactory.Domain.Tests\GeometriaFactory.Domain.Tests.csproj", "{25BC0614-456D-5FB3-A79D-47DB89F29C6A}"
EndProject
Project("{9A19103F-16F7-4668-BE54-9A1E7A4F7556}") = "GeometriaFactory.Application.Tests", "tests\GeometriaFactory.Application.Tests\GeometriaFactory.Application.Tests.csproj", "{D88166FB-C4A1-554C-A97A-DA368FDE21EA}"
EndProject
Project("{9A19103F-16F7-4668-BE54-9A1E7A4F7556}") = "GeometriaFactory.Integration.Tests", "tests\GeometriaFactory.Integration.Tests\GeometriaFactory.Integration.Tests.csproj", "{D13955E1-A95E-5F3B-84DD-F60A194A71BA}"
EndProject
Project("{2150E333-8FDC-42A3-9474-1A3956D46DE8}") = "visor", "visor", "{410B376F-9C05-CE4D-78AF-AD414373A823}"
EndProject
Project("{FAE04EC0-301F-11D3-BF4B-00C04F79EFBC}") = "geometriafactory-visor", "visor\geometriafactory-visor.csproj", "{1DC16897-51BE-4EEC-A339-4BE7BB1605CC}"
EndProject
Project("{2150E333-8FDC-42A3-9474-1A3956D46DE8}") = "samples", "samples", "{5D20AA90-6969-D8BD-9DCD-8634F4692FDA}"
EndProject
Project("{2150E333-8FDC-42A3-9474-1A3956D46DE8}") = "domain", "domain", "{7AD40EE6-F75B-7E24-CE2A-174C83E3BF6E}"
EndProject
Project("{FAE04EC0-301F-11D3-BF4B-00C04F79EFBC}") = "Sample.Domain.Basico", "samples\domain\01-basico\Sample.Domain.Basico.csproj", "{BBBC22B4-1E2E-40C7-B595-40447B615243}"
EndProject
Project("{FAE04EC0-301F-11D3-BF4B-00C04F79EFBC}") = "Sample.Domain.Intermedio", "samples\domain\02-intermedio\Sample.Domain.Intermedio.csproj", "{D8D86111-527E-4675-B846-E7C7A28F1697}"
EndProject
Project("{FAE04EC0-301F-11D3-BF4B-00C04F79EFBC}") = "Sample.Domain.Avanzado", "samples\domain\03-avanzado\Sample.Domain.Avanzado.csproj", "{3E2E2FD7-7403-4E68-B386-E9BACA643A29}"
EndProject
Project("{2150E333-8FDC-42A3-9474-1A3956D46DE8}") = "application", "application", "{CAE476C4-36BE-36B6-2478-CBAC16024737}"
EndProject
Project("{FAE04EC0-301F-11D3-BF4B-00C04F79EFBC}") = "Sample.Application.Basico", "samples\application\01-basico\Sample.Application.Basico.csproj", "{E3FA2743-4450-48DD-831D-6E21C1968AE7}"
EndProject
Project("{FAE04EC0-301F-11D3-BF4B-00C04F79EFBC}") = "Sample.Application.Intermedio", "samples\application\02-intermedio\Sample.Application.Intermedio.csproj", "{74F10801-66CF-4CCA-BA56-8864BF1523D2}"
EndProject
Project("{FAE04EC0-301F-11D3-BF4B-00C04F79EFBC}") = "Sample.Application.Avanzado", "samples\application\03-avanzado\Sample.Application.Avanzado.csproj", "{70188539-C0B9-4A87-9521-786A28B9A1FC}"
EndProject
Project("{2150E333-8FDC-42A3-9474-1A3956D46DE8}") = "infrastructure", "infrastructure", "{E94D08DA-DCE9-BB63-DC81-379CD0ED7551}"
EndProject
Project("{FAE04EC0-301F-11D3-BF4B-00C04F79EFBC}") = "Sample.Infrastructure.Basico", "samples\infrastructure\01-basico\Sample.Infrastructure.Basico.csproj", "{938B02AF-7875-44AE-B122-23DE3858C7A5}"
EndProject
Project("{FAE04EC0-301F-11D3-BF4B-00C04F79EFBC}") = "Sample.Infrastructure.Intermedio", "samples\infrastructure\02-intermedio\Sample.Infrastructure.Intermedio.csproj", "{B5B8E6DC-844A-44F2-806C-D31242BEC864}"
EndProject
Project("{FAE04EC0-301F-11D3-BF4B-00C04F79EFBC}") = "Sample.Infrastructure.Avanzado", "samples\infrastructure\03-avanzado\Sample.Infrastructure.Avanzado.csproj", "{77D11AC4-C890-4924-B284-449F60958A01}"
EndProject
Project("{FAE04EC0-301F-11D3-BF4B-00C04F79EFBC}") = "GeometriaFactory.E2ETests", "tests\GeometriaFactory.E2ETests\GeometriaFactory.E2ETests.csproj", "{5EF1CCEC-D9AB-499F-9D14-32EAD01F4AAD}"
EndProject
Project("{2150E333-8FDC-42A3-9474-1A3956D46DE8}") = "visor", "visor", "{60665CAB-B326-4447-87EE-FE261BB16514}"
EndProject
Project("{FAE04EC0-301F-11D3-BF4B-00C04F79EFBC}") = "Sample.Visor.Basico", "samples\visor\01-basico\Sample.Visor.Basico.csproj", "{D42A8ABC-BFEC-4558-8F9B-942F24C89368}"
EndProject
Project("{FAE04EC0-301F-11D3-BF4B-00C04F79EFBC}") = "Sample.Visor.Intermedio", "samples\visor\02-intermedio\Sample.Visor.Intermedio.csproj", "{AB2D7D7F-D5A3-4E74-A6FD-30C6B2FBB122}"
EndProject
Project("{FAE04EC0-301F-11D3-BF4B-00C04F79EFBC}") = "Sample.Visor.Avanzado", "samples\visor\03-avanzado\Sample.Visor.Avanzado.csproj", "{36F61EF6-4D5A-42F6-A99C-A37704CFD023}"
EndProject
Project("{2150E333-8FDC-42A3-9474-1A3956D46DE8}") = "api", "api", "{DA5866E6-E283-40E4-A055-4CCAC043FB4B}"
EndProject
Project("{FAE04EC0-301F-11D3-BF4B-00C04F79EFBC}") = "Sample.Api.Basico", "samples\api\01-basico\Sample.Api.Basico.csproj", "{72184350-3168-47DD-BE46-CFF3E5794C6F}"
EndProject
Project("{FAE04EC0-301F-11D3-BF4B-00C04F79EFBC}") = "Sample.Api.Intermedio", "samples\api\02-intermedio\Sample.Api.Intermedio.csproj", "{9128A882-14F4-407F-B71D-C08BDDDEA778}"
EndProject
Project("{FAE04EC0-301F-11D3-BF4B-00C04F79EFBC}") = "Sample.Api.Avanzado", "samples\api\03-avanzado\Sample.Api.Avanzado.csproj", "{61DDE749-21BF-44DF-B5FC-3B38967B6397}"
EndProject
Project("{FAE04EC0-301F-11D3-BF4B-00C04F79EFBC}") = "Sample.Api.ClienteHttpBasico", "samples\api\04-cliente-http-basico\Sample.Api.ClienteHttpBasico.csproj", "{705075E7-3F71-4C8B-9FAF-FC4B12DFF1AE}"
EndProject
Project("{2150E333-8FDC-42A3-9474-1A3956D46DE8}") = "contracts", "contracts", "{1561FDE9-3535-4B66-BC37-8F6E0A8FA3B8}"
EndProject
Project("{FAE04EC0-301F-11D3-BF4B-00C04F79EFBC}") = "Sample.Contracts.Basico", "samples\contracts\01-basico\Sample.Contracts.Basico.csproj", "{614C149E-A394-448B-BA5B-DD58DE6C7AAD}"
EndProject
Project("{FAE04EC0-301F-11D3-BF4B-00C04F79EFBC}") = "Sample.Contracts.Intermedio", "samples\contracts\02-intermedio\Sample.Contracts.Intermedio.csproj", "{65661EFD-1BF3-42EC-8426-B0D895E6A4AB}"
EndProject
Project("{FAE04EC0-301F-11D3-BF4B-00C04F79EFBC}") = "Sample.Contracts.Avanzado", "samples\contracts\03-avanzado\Sample.Contracts.Avanzado.csproj", "{9310B3FF-08DA-4EB8-AA2E-8D6CB80E0849}"
EndProject
Project("{2150E333-8FDC-42A3-9474-1A3956D46DE8}") = "web", "web", "{88687291-091B-4AF1-B576-78C3642FBF14}"
EndProject
Project("{FAE04EC0-301F-11D3-BF4B-00C04F79EFBC}") = "Sample.Web.DatosSeed", "samples\web\01-datos-seed\Sample.Web.DatosSeed.csproj", "{DEADDEE6-BBED-4F11-A938-76722CF8910D}"
EndProject
Global
	GlobalSection(SolutionConfigurationPlatforms) = preSolution
		Debug|Any CPU = Debug|Any CPU
		Release|Any CPU = Release|Any CPU
	EndGlobalSection
	GlobalSection(ProjectConfigurationPlatforms) = postSolution
		{1D3BBA59-99CA-5B31-AEB8-D1833413C938}.Debug|Any CPU.ActiveCfg = Debug|Any CPU
		{1D3BBA59-99CA-5B31-AEB8-D1833413C938}.Debug|Any CPU.Build.0 = Debug|Any CPU
		{1D3BBA59-99CA-5B31-AEB8-D1833413C938}.Release|Any CPU.ActiveCfg = Release|Any CPU
		{1D3BBA59-99CA-5B31-AEB8-D1833413C938}.Release|Any CPU.Build.0 = Release|Any CPU
		{1E638C97-6C48-56D6-B0D0-2FB89CBA8945}.Debug|Any CPU.ActiveCfg = Debug|Any CPU
		{1E638C97-6C48-56D6-B0D0-2FB89CBA8945}.Debug|Any CPU.Build.0 = Debug|Any CPU
		{1E638C97-6C48-56D6-B0D0-2FB89CBA8945}.Release|Any CPU.ActiveCfg = Release|Any CPU
		{1E638C97-6C48-56D6-B0D0-2FB89CBA8945}.Release|Any CPU.Build.0 = Release|Any CPU
		{EA4A1AA7-3B0A-53B6-ADA1-0AFEB3E2CA37}.Debug|Any CPU.ActiveCfg = Debug|Any CPU
		{EA4A1AA7-3B0A-53B6-ADA1-0AFEB3E2CA37}.Debug|Any CPU.Build.0 = Debug|Any CPU
		{EA4A1AA7-3B0A-53B6-ADA1-0AFEB3E2CA37}.Release|Any CPU.ActiveCfg = Release|Any CPU
		{EA4A1AA7-3B0A-53B6-ADA1-0AFEB3E2CA37}.Release|Any CPU.Build.0 = Release|Any CPU
		{901F9D91-6669-5844-8610-01963C0E4748}.Debug|Any CPU.ActiveCfg = Debug|Any CPU
		{901F9D91-6669-5844-8610-01963C0E4748}.Debug|Any CPU.Build.0 = Debug|Any CPU
		{901F9D91-6669-5844-8610-01963C0E4748}.Release|Any CPU.ActiveCfg = Release|Any CPU
		{901F9D91-6669-5844-8610-01963C0E4748}.Release|Any CPU.Build.0 = Release|Any CPU
		{41FE82AB-8468-562F-9B3D-CF9B876FC90B}.Debug|Any CPU.ActiveCfg = Debug|Any CPU
		{41FE82AB-8468-562F-9B3D-CF9B876FC90B}.Debug|Any CPU.Build.0 = Debug|Any CPU
		{41FE82AB-8468-562F-9B3D-CF9B876FC90B}.Release|Any CPU.ActiveCfg = Release|Any CPU
		{41FE82AB-8468-562F-9B3D-CF9B876FC90B}.Release|Any CPU.Build.0 = Release|Any CPU
		{FA1DA543-C884-53A8-A462-9E9992818122}.Debug|Any CPU.ActiveCfg = Debug|Any CPU
		{FA1DA543-C884-53A8-A462-9E9992818122}.Debug|Any CPU.Build.0 = Debug|Any CPU
		{FA1DA543-C884-53A8-A462-9E9992818122}.Release|Any CPU.ActiveCfg = Release|Any CPU
		{FA1DA543-C884-53A8-A462-9E9992818122}.Release|Any CPU.Build.0 = Release|Any CPU
		{25BC0614-456D-5FB3-A79D-47DB89F29C6A}.Debug|Any CPU.ActiveCfg = Debug|Any CPU
		{25BC0614-456D-5FB3-A79D-47DB89F29C6A}.Debug|Any CPU.Build.0 = Debug|Any CPU
		{25BC0614-456D-5FB3-A79D-47DB89F29C6A}.Release|Any CPU.ActiveCfg = Release|Any CPU
		{25BC0614-456D-5FB3-A79D-47DB89F29C6A}.Release|Any CPU.Build.0 = Release|Any CPU
		{D88166FB-C4A1-554C-A97A-DA368FDE21EA}.Debug|Any CPU.ActiveCfg = Debug|Any CPU
		{D88166FB-C4A1-554C-A97A-DA368FDE21EA}.Debug|Any CPU.Build.0 = Debug|Any CPU
		{D88166FB-C4A1-554C-A97A-DA368FDE21EA}.Release|Any CPU.ActiveCfg = Release|Any CPU
		{D88166FB-C4A1-554C-A97A-DA368FDE21EA}.Release|Any CPU.Build.0 = Release|Any CPU
		{D13955E1-A95E-5F3B-84DD-F60A194A71BA}.Debug|Any CPU.ActiveCfg = Debug|Any CPU
		{D13955E1-A95E-5F3B-84DD-F60A194A71BA}.Debug|Any CPU.Build.0 = Debug|Any CPU
		{D13955E1-A95E-5F3B-84DD-F60A194A71BA}.Release|Any CPU.ActiveCfg = Release|Any CPU
		{D13955E1-A95E-5F3B-84DD-F60A194A71BA}.Release|Any CPU.Build.0 = Release|Any CPU
		{1DC16897-51BE-4EEC-A339-4BE7BB1605CC}.Debug|Any CPU.ActiveCfg = Debug|Any CPU
		{1DC16897-51BE-4EEC-A339-4BE7BB1605CC}.Debug|Any CPU.Build.0 = Debug|Any CPU
		{1DC16897-51BE-4EEC-A339-4BE7BB1605CC}.Release|Any CPU.ActiveCfg = Release|Any CPU
		{1DC16897-51BE-4EEC-A339-4BE7BB1605CC}.Release|Any CPU.Build.0 = Release|Any CPU
		{BBBC22B4-1E2E-40C7-B595-40447B615243}.Debug|Any CPU.ActiveCfg = Debug|Any CPU
		{BBBC22B4-1E2E-40C7-B595-40447B615243}.Debug|Any CPU.Build.0 = Debug|Any CPU
		{BBBC22B4-1E2E-40C7-B595-40447B615243}.Release|Any CPU.ActiveCfg = Release|Any CPU
		{BBBC22B4-1E2E-40C7-B595-40447B615243}.Release|Any CPU.Build.0 = Release|Any CPU
		{D8D86111-527E-4675-B846-E7C7A28F1697}.Debug|Any CPU.ActiveCfg = Debug|Any CPU
		{D8D86111-527E-4675-B846-E7C7A28F1697}.Debug|Any CPU.Build.0 = Debug|Any CPU
		{D8D86111-527E-4675-B846-E7C7A28F1697}.Release|Any CPU.ActiveCfg = Release|Any CPU
		{D8D86111-527E-4675-B846-E7C7A28F1697}.Release|Any CPU.Build.0 = Release|Any CPU
		{3E2E2FD7-7403-4E68-B386-E9BACA643A29}.Debug|Any CPU.ActiveCfg = Debug|Any CPU
		{3E2E2FD7-7403-4E68-B386-E9BACA643A29}.Debug|Any CPU.Build.0 = Debug|Any CPU
		{3E2E2FD7-7403-4E68-B386-E9BACA643A29}.Release|Any CPU.ActiveCfg = Release|Any CPU
		{3E2E2FD7-7403-4E68-B386-E9BACA643A29}.Release|Any CPU.Build.0 = Release|Any CPU
		{E3FA2743-4450-48DD-831D-6E21C1968AE7}.Debug|Any CPU.ActiveCfg = Debug|Any CPU
		{E3FA2743-4450-48DD-831D-6E21C1968AE7}.Debug|Any CPU.Build.0 = Debug|Any CPU
		{E3FA2743-4450-48DD-831D-6E21C1968AE7}.Release|Any CPU.ActiveCfg = Release|Any CPU
		{E3FA2743-4450-48DD-831D-6E21C1968AE7}.Release|Any CPU.Build.0 = Release|Any CPU
		{74F10801-66CF-4CCA-BA56-8864BF1523D2}.Debug|Any CPU.ActiveCfg = Debug|Any CPU
		{74F10801-66CF-4CCA-BA56-8864BF1523D2}.Debug|Any CPU.Build.0 = Debug|Any CPU
		{74F10801-66CF-4CCA-BA56-8864BF1523D2}.Release|Any CPU.ActiveCfg = Release|Any CPU
		{74F10801-66CF-4CCA-BA56-8864BF1523D2}.Release|Any CPU.Build.0 = Release|Any CPU
		{70188539-C0B9-4A87-9521-786A28B9A1FC}.Debug|Any CPU.ActiveCfg = Debug|Any CPU
		{70188539-C0B9-4A87-9521-786A28B9A1FC}.Debug|Any CPU.Build.0 = Debug|Any CPU
		{70188539-C0B9-4A87-9521-786A28B9A1FC}.Release|Any CPU.ActiveCfg = Release|Any CPU
		{70188539-C0B9-4A87-9521-786A28B9A1FC}.Release|Any CPU.Build.0 = Release|Any CPU
		{938B02AF-7875-44AE-B122-23DE3858C7A5}.Debug|Any CPU.ActiveCfg = Debug|Any CPU
		{938B02AF-7875-44AE-B122-23DE3858C7A5}.Debug|Any CPU.Build.0 = Debug|Any CPU
		{938B02AF-7875-44AE-B122-23DE3858C7A5}.Release|Any CPU.ActiveCfg = Release|Any CPU
		{938B02AF-7875-44AE-B122-23DE3858C7A5}.Release|Any CPU.Build.0 = Release|Any CPU
		{B5B8E6DC-844A-44F2-806C-D31242BEC864}.Debug|Any CPU.ActiveCfg = Debug|Any CPU
		{B5B8E6DC-844A-44F2-806C-D31242BEC864}.Debug|Any CPU.Build.0 = Debug|Any CPU
		{B5B8E6DC-844A-44F2-806C-D31242BEC864}.Release|Any CPU.ActiveCfg = Release|Any CPU
		{B5B8E6DC-844A-44F2-806C-D31242BEC864}.Release|Any CPU.Build.0 = Release|Any CPU
		{77D11AC4-C890-4924-B284-449F60958A01}.Debug|Any CPU.ActiveCfg = Debug|Any CPU
		{77D11AC4-C890-4924-B284-449F60958A01}.Debug|Any CPU.Build.0 = Debug|Any CPU
		{77D11AC4-C890-4924-B284-449F60958A01}.Release|Any CPU.ActiveCfg = Release|Any CPU
		{77D11AC4-C890-4924-B284-449F60958A01}.Release|Any CPU.Build.0 = Release|Any CPU
		{5EF1CCEC-D9AB-499F-9D14-32EAD01F4AAD}.Debug|Any CPU.ActiveCfg = Debug|Any CPU
		{5EF1CCEC-D9AB-499F-9D14-32EAD01F4AAD}.Release|Any CPU.ActiveCfg = Release|Any CPU
		{D42A8ABC-BFEC-4558-8F9B-942F24C89368}.Debug|Any CPU.ActiveCfg = Debug|Any CPU
		{D42A8ABC-BFEC-4558-8F9B-942F24C89368}.Debug|Any CPU.Build.0 = Debug|Any CPU
		{D42A8ABC-BFEC-4558-8F9B-942F24C89368}.Release|Any CPU.ActiveCfg = Release|Any CPU
		{D42A8ABC-BFEC-4558-8F9B-942F24C89368}.Release|Any CPU.Build.0 = Release|Any CPU
		{AB2D7D7F-D5A3-4E74-A6FD-30C6B2FBB122}.Debug|Any CPU.ActiveCfg = Debug|Any CPU
		{AB2D7D7F-D5A3-4E74-A6FD-30C6B2FBB122}.Debug|Any CPU.Build.0 = Debug|Any CPU
		{AB2D7D7F-D5A3-4E74-A6FD-30C6B2FBB122}.Release|Any CPU.ActiveCfg = Release|Any CPU
		{AB2D7D7F-D5A3-4E74-A6FD-30C6B2FBB122}.Release|Any CPU.Build.0 = Release|Any CPU
		{36F61EF6-4D5A-42F6-A99C-A37704CFD023}.Debug|Any CPU.ActiveCfg = Debug|Any CPU
		{36F61EF6-4D5A-42F6-A99C-A37704CFD023}.Debug|Any CPU.Build.0 = Debug|Any CPU
		{36F61EF6-4D5A-42F6-A99C-A37704CFD023}.Release|Any CPU.ActiveCfg = Release|Any CPU
		{36F61EF6-4D5A-42F6-A99C-A37704CFD023}.Release|Any CPU.Build.0 = Release|Any CPU
		{72184350-3168-47DD-BE46-CFF3E5794C6F}.Debug|Any CPU.ActiveCfg = Debug|Any CPU
		{72184350-3168-47DD-BE46-CFF3E5794C6F}.Debug|Any CPU.Build.0 = Debug|Any CPU
		{72184350-3168-47DD-BE46-CFF3E5794C6F}.Release|Any CPU.ActiveCfg = Release|Any CPU
		{72184350-3168-47DD-BE46-CFF3E5794C6F}.Release|Any CPU.Build.0 = Release|Any CPU
		{9128A882-14F4-407F-B71D-C08BDDDEA778}.Debug|Any CPU.ActiveCfg = Debug|Any CPU
		{9128A882-14F4-407F-B71D-C08BDDDEA778}.Debug|Any CPU.Build.0 = Debug|Any CPU
		{9128A882-14F4-407F-B71D-C08BDDDEA778}.Release|Any CPU.ActiveCfg = Release|Any CPU
		{9128A882-14F4-407F-B71D-C08BDDDEA778}.Release|Any CPU.Build.0 = Release|Any CPU
		{61DDE749-21BF-44DF-B5FC-3B38967B6397}.Debug|Any CPU.ActiveCfg = Debug|Any CPU
		{61DDE749-21BF-44DF-B5FC-3B38967B6397}.Debug|Any CPU.Build.0 = Debug|Any CPU
		{61DDE749-21BF-44DF-B5FC-3B38967B6397}.Release|Any CPU.ActiveCfg = Release|Any CPU
		{61DDE749-21BF-44DF-B5FC-3B38967B6397}.Release|Any CPU.Build.0 = Release|Any CPU
		{705075E7-3F71-4C8B-9FAF-FC4B12DFF1AE}.Debug|Any CPU.ActiveCfg = Debug|Any CPU
		{705075E7-3F71-4C8B-9FAF-FC4B12DFF1AE}.Debug|Any CPU.Build.0 = Debug|Any CPU
		{705075E7-3F71-4C8B-9FAF-FC4B12DFF1AE}.Release|Any CPU.ActiveCfg = Release|Any CPU
		{705075E7-3F71-4C8B-9FAF-FC4B12DFF1AE}.Release|Any CPU.Build.0 = Release|Any CPU
		{614C149E-A394-448B-BA5B-DD58DE6C7AAD}.Debug|Any CPU.ActiveCfg = Debug|Any CPU
		{614C149E-A394-448B-BA5B-DD58DE6C7AAD}.Debug|Any CPU.Build.0 = Debug|Any CPU
		{614C149E-A394-448B-BA5B-DD58DE6C7AAD}.Release|Any CPU.ActiveCfg = Release|Any CPU
		{614C149E-A394-448B-BA5B-DD58DE6C7AAD}.Release|Any CPU.Build.0 = Release|Any CPU
		{65661EFD-1BF3-42EC-8426-B0D895E6A4AB}.Debug|Any CPU.ActiveCfg = Debug|Any CPU
		{65661EFD-1BF3-42EC-8426-B0D895E6A4AB}.Debug|Any CPU.Build.0 = Debug|Any CPU
		{65661EFD-1BF3-42EC-8426-B0D895E6A4AB}.Release|Any CPU.ActiveCfg = Release|Any CPU
		{65661EFD-1BF3-42EC-8426-B0D895E6A4AB}.Release|Any CPU.Build.0 = Release|Any CPU
		{9310B3FF-08DA-4EB8-AA2E-8D6CB80E0849}.Debug|Any CPU.ActiveCfg = Debug|Any CPU
		{9310B3FF-08DA-4EB8-AA2E-8D6CB80E0849}.Debug|Any CPU.Build.0 = Debug|Any CPU
		{9310B3FF-08DA-4EB8-AA2E-8D6CB80E0849}.Release|Any CPU.ActiveCfg = Release|Any CPU
		{9310B3FF-08DA-4EB8-AA2E-8D6CB80E0849}.Release|Any CPU.Build.0 = Release|Any CPU
		{DEADDEE6-BBED-4F11-A938-76722CF8910D}.Debug|Any CPU.ActiveCfg = Debug|Any CPU
		{DEADDEE6-BBED-4F11-A938-76722CF8910D}.Debug|Any CPU.Build.0 = Debug|Any CPU
		{DEADDEE6-BBED-4F11-A938-76722CF8910D}.Release|Any CPU.ActiveCfg = Release|Any CPU
		{DEADDEE6-BBED-4F11-A938-76722CF8910D}.Release|Any CPU.Build.0 = Release|Any CPU
	EndGlobalSection
	GlobalSection(SolutionProperties) = preSolution
		HideSolutionNode = FALSE
	EndGlobalSection
	GlobalSection(NestedProjects) = preSolution
		{1DC16897-51BE-4EEC-A339-4BE7BB1605CC} = {410B376F-9C05-CE4D-78AF-AD414373A823}
		{7AD40EE6-F75B-7E24-CE2A-174C83E3BF6E} = {5D20AA90-6969-D8BD-9DCD-8634F4692FDA}
		{BBBC22B4-1E2E-40C7-B595-40447B615243} = {7AD40EE6-F75B-7E24-CE2A-174C83E3BF6E}
		{D8D86111-527E-4675-B846-E7C7A28F1697} = {7AD40EE6-F75B-7E24-CE2A-174C83E3BF6E}
		{3E2E2FD7-7403-4E68-B386-E9BACA643A29} = {7AD40EE6-F75B-7E24-CE2A-174C83E3BF6E}
		{CAE476C4-36BE-36B6-2478-CBAC16024737} = {5D20AA90-6969-D8BD-9DCD-8634F4692FDA}
		{E3FA2743-4450-48DD-831D-6E21C1968AE7} = {CAE476C4-36BE-36B6-2478-CBAC16024737}
		{74F10801-66CF-4CCA-BA56-8864BF1523D2} = {CAE476C4-36BE-36B6-2478-CBAC16024737}
		{70188539-C0B9-4A87-9521-786A28B9A1FC} = {CAE476C4-36BE-36B6-2478-CBAC16024737}
		{E94D08DA-DCE9-BB63-DC81-379CD0ED7551} = {5D20AA90-6969-D8BD-9DCD-8634F4692FDA}
		{938B02AF-7875-44AE-B122-23DE3858C7A5} = {E94D08DA-DCE9-BB63-DC81-379CD0ED7551}
		{B5B8E6DC-844A-44F2-806C-D31242BEC864} = {E94D08DA-DCE9-BB63-DC81-379CD0ED7551}
		{77D11AC4-C890-4924-B284-449F60958A01} = {E94D08DA-DCE9-BB63-DC81-379CD0ED7551}
		{60665CAB-B326-4447-87EE-FE261BB16514} = {5D20AA90-6969-D8BD-9DCD-8634F4692FDA}
		{D42A8ABC-BFEC-4558-8F9B-942F24C89368} = {60665CAB-B326-4447-87EE-FE261BB16514}
		{AB2D7D7F-D5A3-4E74-A6FD-30C6B2FBB122} = {60665CAB-B326-4447-87EE-FE261BB16514}
		{36F61EF6-4D5A-42F6-A99C-A37704CFD023} = {60665CAB-B326-4447-87EE-FE261BB16514}
		{DA5866E6-E283-40E4-A055-4CCAC043FB4B} = {5D20AA90-6969-D8BD-9DCD-8634F4692FDA}
		{72184350-3168-47DD-BE46-CFF3E5794C6F} = {DA5866E6-E283-40E4-A055-4CCAC043FB4B}
		{9128A882-14F4-407F-B71D-C08BDDDEA778} = {DA5866E6-E283-40E4-A055-4CCAC043FB4B}
		{61DDE749-21BF-44DF-B5FC-3B38967B6397} = {DA5866E6-E283-40E4-A055-4CCAC043FB4B}
		{705075E7-3F71-4C8B-9FAF-FC4B12DFF1AE} = {DA5866E6-E283-40E4-A055-4CCAC043FB4B}
		{1561FDE9-3535-4B66-BC37-8F6E0A8FA3B8} = {5D20AA90-6969-D8BD-9DCD-8634F4692FDA}
		{614C149E-A394-448B-BA5B-DD58DE6C7AAD} = {1561FDE9-3535-4B66-BC37-8F6E0A8FA3B8}
		{65661EFD-1BF3-42EC-8426-B0D895E6A4AB} = {1561FDE9-3535-4B66-BC37-8F6E0A8FA3B8}
		{9310B3FF-08DA-4EB8-AA2E-8D6CB80E0849} = {1561FDE9-3535-4B66-BC37-8F6E0A8FA3B8}
		{88687291-091B-4AF1-B576-78C3642FBF14} = {5D20AA90-6969-D8BD-9DCD-8634F4692FDA}
		{DEADDEE6-BBED-4F11-A938-76722CF8910D} = {88687291-091B-4AF1-B576-78C3642FBF14}
	EndGlobalSection
	GlobalSection(ExtensibilityGlobals) = postSolution
		SolutionGuid = {461FEDFD-2628-5602-8E38-9CD9F64478DB}
	EndGlobalSection
EndGlobal
